
Microsoft Visual Studio Solution File, Format Version 11.00
# Visual Studio 2010
Project("{FAE04EC0-301F-11D3-BF4B-00C04F79EFBC}") = "StatSystem", "StatSystem.csproj", "{f701690f-b197-1111-7bfd-dab4b0df1ef8}"
EndProject
Project("{FAE04EC0-301F-11D3-BF4B-00C04F79EFBC}") = "_KIT.Config", "_KIT.Config.csproj", "{c3525c54-1b43-6a74-f083-4b58bae4bb8c}"
EndProject
Project("{FAE04EC0-301F-11D3-BF4B-00C04F79EFBC}") = "Unity.PlayerPrefsEditor.Editor", "Unity.PlayerPrefsEditor.Editor.csproj", "{3feb9e7b-e1ea-1f30-0479-2cc7ae10f7b7}"
EndProject
Project("{FAE04EC0-301F-11D3-BF4B-00C04F79EFBC}") = "UniTask.Linq", "UniTask.Linq.csproj", "{46298fc1-4e45-c8cd-1ca4-6b8c7e3b7eb2}"
EndProject
Project("{FAE04EC0-301F-11D3-BF4B-00C04F79EFBC}") = "UniTask", "UniTask.csproj", "{5b841c0a-6e1b-0c5e-2bb3-3cf4552b215b}"
EndProject
Project("{FAE04EC0-301F-11D3-BF4B-00C04F79EFBC}") = "Assembly-CSharp-firstpass", "Assembly-CSharp-firstpass.csproj", "{ac306202-579e-69e1-d3b1-f44b2a471d44}"
EndProject
Project("{FAE04EC0-301F-11D3-BF4B-00C04F79EFBC}") = "RVO2.Samples", "RVO2.Samples.csproj", "{2f5d6f78-e7c3-0a32-23c3-2564cbc75e50}"
EndProject
Project("{FAE04EC0-301F-11D3-BF4B-00C04F79EFBC}") = "_KIT.Schedule", "_KIT.Schedule.csproj", "{82cc3af1-4634-fa70-3164-f3ed84bf0fcc}"
EndProject
Project("{FAE04EC0-301F-11D3-BF4B-00C04F79EFBC}") = "PathCreatorEditor", "PathCreatorEditor.csproj", "{7b82901c-1463-1b3d-87a2-e4d7fd09c60d}"
EndProject
Project("{FAE04EC0-301F-11D3-BF4B-00C04F79EFBC}") = "Tests", "Tests.csproj", "{812c5b86-b48f-cd19-7254-cb819c23251e}"
EndProject
Project("{FAE04EC0-301F-11D3-BF4B-00C04F79EFBC}") = "Assembly-CSharp-Editor-firstpass", "Assembly-CSharp-Editor-firstpass.csproj", "{832f47cb-ba05-d6c5-ba9f-47a71211890b}"
EndProject
Project("{FAE04EC0-301F-11D3-BF4B-00C04F79EFBC}") = "_KIT.Utils", "_KIT.Utils.csproj", "{0078db7a-10c4-4228-67a7-28ab4172da42}"
EndProject
Project("{FAE04EC0-301F-11D3-BF4B-00C04F79EFBC}") = "_KIT.Resource", "_KIT.Resource.csproj", "{f0070726-7077-a1d1-53e4-4e8a18292a92}"
EndProject
Project("{FAE04EC0-301F-11D3-BF4B-00C04F79EFBC}") = "RVO2", "RVO2.csproj", "{b3760940-8676-d54d-8caf-381d98a673af}"
EndProject
Project("{FAE04EC0-301F-11D3-BF4B-00C04F79EFBC}") = "ToolbarExtender.Editor", "ToolbarExtender.Editor.csproj", "{82ced7ba-47a2-938b-e701-5dcdcce23d65}"
EndProject
Project("{FAE04EC0-301F-11D3-BF4B-00C04F79EFBC}") = "_KIT.Pool", "_KIT.Pool.csproj", "{ebf48068-17a6-d254-779c-994217af25d3}"
EndProject
Project("{FAE04EC0-301F-11D3-BF4B-00C04F79EFBC}") = "UniTask.Addressables", "UniTask.Addressables.csproj", "{aeb1b6bb-c1a8-610c-0e60-3c797b7131aa}"
EndProject
Project("{FAE04EC0-301F-11D3-BF4B-00C04F79EFBC}") = "Assembly-CSharp", "Assembly-CSharp.csproj", "{f843849f-3bf0-b1f5-f2cb-4259d6cbbcf4}"
EndProject
Project("{FAE04EC0-301F-11D3-BF4B-00C04F79EFBC}") = "_KIT.Foundation", "_KIT.Foundation.csproj", "{015dbb85-9d40-6103-1122-62c1a0572b60}"
EndProject
Project("{FAE04EC0-301F-11D3-BF4B-00C04F79EFBC}") = "UniTask.TextMeshPro", "UniTask.TextMeshPro.csproj", "{7f4a02f7-158f-2d22-6f62-d639aae0456c}"
EndProject
Project("{FAE04EC0-301F-11D3-BF4B-00C04F79EFBC}") = "Unity.PlayerPrefsEditor.EditorResources", "Unity.PlayerPrefsEditor.EditorResources.csproj", "{02b887dd-9efa-5047-3936-9adc2d0fe247}"
EndProject
Project("{FAE04EC0-301F-11D3-BF4B-00C04F79EFBC}") = "PathCreator", "PathCreator.csproj", "{6c81e58c-13f1-27fa-dc90-23f81c957588}"
EndProject
Project("{FAE04EC0-301F-11D3-BF4B-00C04F79EFBC}") = "Unity.PlayerPrefsEditor.Samples.SampleScene", "Unity.PlayerPrefsEditor.Samples.SampleScene.csproj", "{716402b7-7da2-7a12-28ba-56d109da4c12}"
EndProject
Project("{FAE04EC0-301F-11D3-BF4B-00C04F79EFBC}") = "UniTask.DOTween", "UniTask.DOTween.csproj", "{7b65fd04-ac72-8c12-8040-ed939734728f}"
EndProject
Project("{FAE04EC0-301F-11D3-BF4B-00C04F79EFBC}") = "Example", "Example.csproj", "{db2a177c-c250-09ba-caf0-53d6d50d5058}"
EndProject
Project("{FAE04EC0-301F-11D3-BF4B-00C04F79EFBC}") = "UniTask.Editor", "UniTask.Editor.csproj", "{28a2179e-bd50-910b-c057-b1ab89a8a266}"
EndProject
Global
	GlobalSection(SolutionConfigurationPlatforms) = preSolution
		Debug|Any CPU = Debug|Any CPU
	EndGlobalSection
	GlobalSection(ProjectConfigurationPlatforms) = postSolution
		{f701690f-b197-1111-7bfd-dab4b0df1ef8}.Debug|Any CPU.ActiveCfg = Debug|Any CPU
		{f701690f-b197-1111-7bfd-dab4b0df1ef8}.Debug|Any CPU.Build.0 = Debug|Any CPU
		{c3525c54-1b43-6a74-f083-4b58bae4bb8c}.Debug|Any CPU.ActiveCfg = Debug|Any CPU
		{c3525c54-1b43-6a74-f083-4b58bae4bb8c}.Debug|Any CPU.Build.0 = Debug|Any CPU
		{3feb9e7b-e1ea-1f30-0479-2cc7ae10f7b7}.Debug|Any CPU.ActiveCfg = Debug|Any CPU
		{3feb9e7b-e1ea-1f30-0479-2cc7ae10f7b7}.Debug|Any CPU.Build.0 = Debug|Any CPU
		{46298fc1-4e45-c8cd-1ca4-6b8c7e3b7eb2}.Debug|Any CPU.ActiveCfg = Debug|Any CPU
		{46298fc1-4e45-c8cd-1ca4-6b8c7e3b7eb2}.Debug|Any CPU.Build.0 = Debug|Any CPU
		{5b841c0a-6e1b-0c5e-2bb3-3cf4552b215b}.Debug|Any CPU.ActiveCfg = Debug|Any CPU
		{5b841c0a-6e1b-0c5e-2bb3-3cf4552b215b}.Debug|Any CPU.Build.0 = Debug|Any CPU
		{ac306202-579e-69e1-d3b1-f44b2a471d44}.Debug|Any CPU.ActiveCfg = Debug|Any CPU
		{ac306202-579e-69e1-d3b1-f44b2a471d44}.Debug|Any CPU.Build.0 = Debug|Any CPU
		{2f5d6f78-e7c3-0a32-23c3-2564cbc75e50}.Debug|Any CPU.ActiveCfg = Debug|Any CPU
		{2f5d6f78-e7c3-0a32-23c3-2564cbc75e50}.Debug|Any CPU.Build.0 = Debug|Any CPU
		{82cc3af1-4634-fa70-3164-f3ed84bf0fcc}.Debug|Any CPU.ActiveCfg = Debug|Any CPU
		{82cc3af1-4634-fa70-3164-f3ed84bf0fcc}.Debug|Any CPU.Build.0 = Debug|Any CPU
		{7b82901c-1463-1b3d-87a2-e4d7fd09c60d}.Debug|Any CPU.ActiveCfg = Debug|Any CPU
		{7b82901c-1463-1b3d-87a2-e4d7fd09c60d}.Debug|Any CPU.Build.0 = Debug|Any CPU
		{812c5b86-b48f-cd19-7254-cb819c23251e}.Debug|Any CPU.ActiveCfg = Debug|Any CPU
		{812c5b86-b48f-cd19-7254-cb819c23251e}.Debug|Any CPU.Build.0 = Debug|Any CPU
		{832f47cb-ba05-d6c5-ba9f-47a71211890b}.Debug|Any CPU.ActiveCfg = Debug|Any CPU
		{832f47cb-ba05-d6c5-ba9f-47a71211890b}.Debug|Any CPU.Build.0 = Debug|Any CPU
		{0078db7a-10c4-4228-67a7-28ab4172da42}.Debug|Any CPU.ActiveCfg = Debug|Any CPU
		{0078db7a-10c4-4228-67a7-28ab4172da42}.Debug|Any CPU.Build.0 = Debug|Any CPU
		{f0070726-7077-a1d1-53e4-4e8a18292a92}.Debug|Any CPU.ActiveCfg = Debug|Any CPU
		{f0070726-7077-a1d1-53e4-4e8a18292a92}.Debug|Any CPU.Build.0 = Debug|Any CPU
		{b3760940-8676-d54d-8caf-381d98a673af}.Debug|Any CPU.ActiveCfg = Debug|Any CPU
		{b3760940-8676-d54d-8caf-381d98a673af}.Debug|Any CPU.Build.0 = Debug|Any CPU
		{82ced7ba-47a2-938b-e701-5dcdcce23d65}.Debug|Any CPU.ActiveCfg = Debug|Any CPU
		{82ced7ba-47a2-938b-e701-5dcdcce23d65}.Debug|Any CPU.Build.0 = Debug|Any CPU
		{ebf48068-17a6-d254-779c-994217af25d3}.Debug|Any CPU.ActiveCfg = Debug|Any CPU
		{ebf48068-17a6-d254-779c-994217af25d3}.Debug|Any CPU.Build.0 = Debug|Any CPU
		{aeb1b6bb-c1a8-610c-0e60-3c797b7131aa}.Debug|Any CPU.ActiveCfg = Debug|Any CPU
		{aeb1b6bb-c1a8-610c-0e60-3c797b7131aa}.Debug|Any CPU.Build.0 = Debug|Any CPU
		{f843849f-3bf0-b1f5-f2cb-4259d6cbbcf4}.Debug|Any CPU.ActiveCfg = Debug|Any CPU
		{f843849f-3bf0-b1f5-f2cb-4259d6cbbcf4}.Debug|Any CPU.Build.0 = Debug|Any CPU
		{015dbb85-9d40-6103-1122-62c1a0572b60}.Debug|Any CPU.ActiveCfg = Debug|Any CPU
		{015dbb85-9d40-6103-1122-62c1a0572b60}.Debug|Any CPU.Build.0 = Debug|Any CPU
		{7f4a02f7-158f-2d22-6f62-d639aae0456c}.Debug|Any CPU.ActiveCfg = Debug|Any CPU
		{7f4a02f7-158f-2d22-6f62-d639aae0456c}.Debug|Any CPU.Build.0 = Debug|Any CPU
		{02b887dd-9efa-5047-3936-9adc2d0fe247}.Debug|Any CPU.ActiveCfg = Debug|Any CPU
		{02b887dd-9efa-5047-3936-9adc2d0fe247}.Debug|Any CPU.Build.0 = Debug|Any CPU
		{6c81e58c-13f1-27fa-dc90-23f81c957588}.Debug|Any CPU.ActiveCfg = Debug|Any CPU
		{6c81e58c-13f1-27fa-dc90-23f81c957588}.Debug|Any CPU.Build.0 = Debug|Any CPU
		{716402b7-7da2-7a12-28ba-56d109da4c12}.Debug|Any CPU.ActiveCfg = Debug|Any CPU
		{716402b7-7da2-7a12-28ba-56d109da4c12}.Debug|Any CPU.Build.0 = Debug|Any CPU
		{7b65fd04-ac72-8c12-8040-ed939734728f}.Debug|Any CPU.ActiveCfg = Debug|Any CPU
		{7b65fd04-ac72-8c12-8040-ed939734728f}.Debug|Any CPU.Build.0 = Debug|Any CPU
		{db2a177c-c250-09ba-caf0-53d6d50d5058}.Debug|Any CPU.ActiveCfg = Debug|Any CPU
		{db2a177c-c250-09ba-caf0-53d6d50d5058}.Debug|Any CPU.Build.0 = Debug|Any CPU
		{28a2179e-bd50-910b-c057-b1ab89a8a266}.Debug|Any CPU.ActiveCfg = Debug|Any CPU
		{28a2179e-bd50-910b-c057-b1ab89a8a266}.Debug|Any CPU.Build.0 = Debug|Any CPU
	EndGlobalSection
	GlobalSection(SolutionProperties) = preSolution
		HideSolutionNode = FALSE
	EndGlobalSection
EndGlobal
