
Microsoft Visual Studio Solution File, Format Version 11.00
# Visual Studio 2010
Project("{FAE04EC0-301F-11D3-BF4B-00C04F79EFBC}") = "KITSystem.Schedule", "KITSystem.Schedule.csproj", "{8a9804cd-fe49-8582-7235-899a010bd7d4}"
EndProject
Project("{FAE04EC0-301F-11D3-BF4B-00C04F79EFBC}") = "ToolbarExtender.Editor", "ToolbarExtender.Editor.csproj", "{7af9ad24-b843-5219-70e5-dd426dd1f7e0}"
EndProject
Project("{FAE04EC0-301F-11D3-BF4B-00C04F79EFBC}") = "KITSystem.Resource", "KITSystem.Resource.csproj", "{5f94133b-60c4-6b7d-9a2b-790f832dba1f}"
EndProject
Project("{FAE04EC0-301F-11D3-BF4B-00C04F79EFBC}") = "Assembly-CSharp", "Assembly-CSharp.csproj", "{d7a4512b-087c-58c6-53a3-e78a39bfab5b}"
EndProject
Project("{FAE04EC0-301F-11D3-BF4B-00C04F79EFBC}") = "RVO2.Samples", "RVO2.Samples.csproj", "{0075db29-0fad-8500-7a1b-f873b030c0d7}"
EndProject
Project("{FAE04EC0-301F-11D3-BF4B-00C04F79EFBC}") = "KITSystem.Movement", "KITSystem.Movement.csproj", "{53b5e0de-d9a7-7768-08e9-3ac4f0712bf2}"
EndProject
Project("{FAE04EC0-301F-11D3-BF4B-00C04F79EFBC}") = "KITSystem.Movement.Unitest", "KITSystem.Movement.Unitest.csproj", "{1e96802f-1495-3d73-0b97-db7d4af1282d}"
EndProject
Project("{FAE04EC0-301F-11D3-BF4B-00C04F79EFBC}") = "KITSystem.Utils", "KITSystem.Utils.csproj", "{71b6c30f-a19b-06f6-b613-54da6efe0a78}"
EndProject
Project("{FAE04EC0-301F-11D3-BF4B-00C04F79EFBC}") = "RVO2", "RVO2.csproj", "{ba5c38fb-8d33-84ac-f1aa-c47ce2020c64}"
EndProject
Global
	GlobalSection(SolutionConfigurationPlatforms) = preSolution
		Debug|Any CPU = Debug|Any CPU
	EndGlobalSection
	GlobalSection(ProjectConfigurationPlatforms) = postSolution
		{8a9804cd-fe49-8582-7235-899a010bd7d4}.Debug|Any CPU.ActiveCfg = Debug|Any CPU
		{8a9804cd-fe49-8582-7235-899a010bd7d4}.Debug|Any CPU.Build.0 = Debug|Any CPU
		{7af9ad24-b843-5219-70e5-dd426dd1f7e0}.Debug|Any CPU.ActiveCfg = Debug|Any CPU
		{7af9ad24-b843-5219-70e5-dd426dd1f7e0}.Debug|Any CPU.Build.0 = Debug|Any CPU
		{5f94133b-60c4-6b7d-9a2b-790f832dba1f}.Debug|Any CPU.ActiveCfg = Debug|Any CPU
		{5f94133b-60c4-6b7d-9a2b-790f832dba1f}.Debug|Any CPU.Build.0 = Debug|Any CPU
		{d7a4512b-087c-58c6-53a3-e78a39bfab5b}.Debug|Any CPU.ActiveCfg = Debug|Any CPU
		{d7a4512b-087c-58c6-53a3-e78a39bfab5b}.Debug|Any CPU.Build.0 = Debug|Any CPU
		{0075db29-0fad-8500-7a1b-f873b030c0d7}.Debug|Any CPU.ActiveCfg = Debug|Any CPU
		{0075db29-0fad-8500-7a1b-f873b030c0d7}.Debug|Any CPU.Build.0 = Debug|Any CPU
		{53b5e0de-d9a7-7768-08e9-3ac4f0712bf2}.Debug|Any CPU.ActiveCfg = Debug|Any CPU
		{53b5e0de-d9a7-7768-08e9-3ac4f0712bf2}.Debug|Any CPU.Build.0 = Debug|Any CPU
		{1e96802f-1495-3d73-0b97-db7d4af1282d}.Debug|Any CPU.ActiveCfg = Debug|Any CPU
		{1e96802f-1495-3d73-0b97-db7d4af1282d}.Debug|Any CPU.Build.0 = Debug|Any CPU
		{71b6c30f-a19b-06f6-b613-54da6efe0a78}.Debug|Any CPU.ActiveCfg = Debug|Any CPU
		{71b6c30f-a19b-06f6-b613-54da6efe0a78}.Debug|Any CPU.Build.0 = Debug|Any CPU
		{ba5c38fb-8d33-84ac-f1aa-c47ce2020c64}.Debug|Any CPU.ActiveCfg = Debug|Any CPU
		{ba5c38fb-8d33-84ac-f1aa-c47ce2020c64}.Debug|Any CPU.Build.0 = Debug|Any CPU
	EndGlobalSection
	GlobalSection(SolutionProperties) = preSolution
		HideSolutionNode = FALSE
	EndGlobalSection
EndGlobal
