
Microsoft Visual Studio Solution File, Format Version 11.00
# Visual Studio 2010
Project("{FAE04EC0-301F-11D3-BF4B-00C04F79EFBC}") = "LitMotion", "LitMotion.csproj", "{23a61ad3-f4f5-4722-1d09-e153f2c9cb96}"
EndProject
Project("{FAE04EC0-301F-11D3-BF4B-00C04F79EFBC}") = "Assembly-CSharp", "Assembly-CSharp.csproj", "{d7a4512b-087c-58c6-53a3-e78a39bfab5b}"
EndProject
Project("{FAE04EC0-301F-11D3-BF4B-00C04F79EFBC}") = "UniTask", "UniTask.csproj", "{32bd20f4-7a63-5611-532b-24ad413fe73d}"
EndProject
Project("{FAE04EC0-301F-11D3-BF4B-00C04F79EFBC}") = "LitMotion.Extensions", "LitMotion.Extensions.csproj", "{ebe87a24-f706-f61a-c2d2-aa3f0162d450}"
EndProject
Project("{FAE04EC0-301F-11D3-BF4B-00C04F79EFBC}") = "UniTask.Linq", "UniTask.Linq.csproj", "{fb37b503-d525-f3f2-0b7d-911af50785c4}"
EndProject
Project("{FAE04EC0-301F-11D3-BF4B-00C04F79EFBC}") = "Toolkit.Shared", "Toolkit.Shared.csproj", "{4ef273b6-97f3-dc8f-b04d-bc56d36bdf9e}"
EndProject
Project("{FAE04EC0-301F-11D3-BF4B-00C04F79EFBC}") = "RVO2", "RVO2.csproj", "{ba5c38fb-8d33-84ac-f1aa-c47ce2020c64}"
EndProject
Project("{FAE04EC0-301F-11D3-BF4B-00C04F79EFBC}") = "UniTask.Addressables", "UniTask.Addressables.csproj", "{da10af90-e49e-ca94-3a86-87366a1fc569}"
EndProject
Project("{FAE04EC0-301F-11D3-BF4B-00C04F79EFBC}") = "Assembly-CSharp-Editor", "Assembly-CSharp-Editor.csproj", "{4dd4ef79-982d-5f7d-50a3-76c461eba1aa}"
EndProject
Project("{FAE04EC0-301F-11D3-BF4B-00C04F79EFBC}") = "LitMotion.Animation", "LitMotion.Animation.csproj", "{c6f13cb7-aba4-3247-e592-529da6c84b52}"
EndProject
Project("{FAE04EC0-301F-11D3-BF4B-00C04F79EFBC}") = "Tds.PlayModeTests", "Tds.PlayModeTests.csproj", "{93ce8446-43a5-6f7c-1f2f-31c61a27e9f4}"
EndProject
Project("{FAE04EC0-301F-11D3-BF4B-00C04F79EFBC}") = "LitMotion.Tests.Editor", "LitMotion.Tests.Editor.csproj", "{40da7ebd-ed4c-3ecb-accb-6a16b2ae9a78}"
EndProject
Project("{FAE04EC0-301F-11D3-BF4B-00C04F79EFBC}") = "ExcelExtension.Editor", "ExcelExtension.Editor.csproj", "{370cb0b9-2503-0aaa-f0b1-5d623035d8d8}"
EndProject
Project("{FAE04EC0-301F-11D3-BF4B-00C04F79EFBC}") = "AllIn1SpriteShaderAssembly", "AllIn1SpriteShaderAssembly.csproj", "{3ec845fa-342a-5c9e-51be-116e576e84d7}"
EndProject
Project("{FAE04EC0-301F-11D3-BF4B-00C04F79EFBC}") = "LitMotion.Tests.Runtime", "LitMotion.Tests.Runtime.csproj", "{27e618f8-ce93-4a30-3169-07843891387c}"
EndProject
Project("{FAE04EC0-301F-11D3-BF4B-00C04F79EFBC}") = "Unity.PlayerPrefsEditor.Editor", "Unity.PlayerPrefsEditor.Editor.csproj", "{331daa65-a2f4-d50e-8b8e-b5202fd9606c}"
EndProject
Project("{FAE04EC0-301F-11D3-BF4B-00C04F79EFBC}") = "UniTask.TextMeshPro", "UniTask.TextMeshPro.csproj", "{7009a023-ca2e-eac1-aca2-794cd160a5a0}"
EndProject
Project("{FAE04EC0-301F-11D3-BF4B-00C04F79EFBC}") = "ExcelExtension", "ExcelExtension.csproj", "{2575d598-8040-652e-377d-b7db7f00508e}"
EndProject
Project("{FAE04EC0-301F-11D3-BF4B-00C04F79EFBC}") = "Toolkit.ResourceManagement", "Toolkit.ResourceManagement.csproj", "{de7470fc-d738-b6e6-1000-755c4d3491f4}"
EndProject
Project("{FAE04EC0-301F-11D3-BF4B-00C04F79EFBC}") = "Toolkit.Updater", "Toolkit.Updater.csproj", "{b37973c6-fb3b-c288-3f27-d58dff3c6fc7}"
EndProject
Project("{FAE04EC0-301F-11D3-BF4B-00C04F79EFBC}") = "LitMotion.Editor", "LitMotion.Editor.csproj", "{e5615827-8df0-e522-d965-e83aa9dd8756}"
EndProject
Project("{FAE04EC0-301F-11D3-BF4B-00C04F79EFBC}") = "LitMotion.Animation.Editor", "LitMotion.Animation.Editor.csproj", "{518e9ead-3b02-b44a-5649-ba5a10ff21bc}"
EndProject
Project("{FAE04EC0-301F-11D3-BF4B-00C04F79EFBC}") = "UniTask.Editor", "UniTask.Editor.csproj", "{c43488ff-af0e-2712-f507-e768a82cda4d}"
EndProject
Project("{FAE04EC0-301F-11D3-BF4B-00C04F79EFBC}") = "Toolkit.Collider", "Toolkit.Collider.csproj", "{e4c65a0b-abca-393e-28d4-a73f8771c4c4}"
EndProject
Project("{FAE04EC0-301F-11D3-BF4B-00C04F79EFBC}") = "Unity.PlayerPrefsEditor.EditorResources", "Unity.PlayerPrefsEditor.EditorResources.csproj", "{26b585f0-0f57-ae35-8a32-c69f782fa672}"
EndProject
Project("{FAE04EC0-301F-11D3-BF4B-00C04F79EFBC}") = "LitMotion.Tests.Benchmark", "LitMotion.Tests.Benchmark.csproj", "{08baeb02-3548-5356-b51f-41ed796ec007}"
EndProject
Project("{FAE04EC0-301F-11D3-BF4B-00C04F79EFBC}") = "UniTask.DOTween", "UniTask.DOTween.csproj", "{ca1912d8-475d-8b4d-4308-64f9c75f2ae4}"
EndProject
Project("{FAE04EC0-301F-11D3-BF4B-00C04F79EFBC}") = "Assembly-CSharp-firstpass", "Assembly-CSharp-firstpass.csproj", "{2b80c9d5-dd05-0d58-c836-859351f6021b}"
EndProject
Global
	GlobalSection(SolutionConfigurationPlatforms) = preSolution
		Debug|Any CPU = Debug|Any CPU
	EndGlobalSection
	GlobalSection(ProjectConfigurationPlatforms) = postSolution
		{23a61ad3-f4f5-4722-1d09-e153f2c9cb96}.Debug|Any CPU.ActiveCfg = Debug|Any CPU
		{23a61ad3-f4f5-4722-1d09-e153f2c9cb96}.Debug|Any CPU.Build.0 = Debug|Any CPU
		{d7a4512b-087c-58c6-53a3-e78a39bfab5b}.Debug|Any CPU.ActiveCfg = Debug|Any CPU
		{d7a4512b-087c-58c6-53a3-e78a39bfab5b}.Debug|Any CPU.Build.0 = Debug|Any CPU
		{32bd20f4-7a63-5611-532b-24ad413fe73d}.Debug|Any CPU.ActiveCfg = Debug|Any CPU
		{32bd20f4-7a63-5611-532b-24ad413fe73d}.Debug|Any CPU.Build.0 = Debug|Any CPU
		{ebe87a24-f706-f61a-c2d2-aa3f0162d450}.Debug|Any CPU.ActiveCfg = Debug|Any CPU
		{ebe87a24-f706-f61a-c2d2-aa3f0162d450}.Debug|Any CPU.Build.0 = Debug|Any CPU
		{fb37b503-d525-f3f2-0b7d-911af50785c4}.Debug|Any CPU.ActiveCfg = Debug|Any CPU
		{fb37b503-d525-f3f2-0b7d-911af50785c4}.Debug|Any CPU.Build.0 = Debug|Any CPU
		{4ef273b6-97f3-dc8f-b04d-bc56d36bdf9e}.Debug|Any CPU.ActiveCfg = Debug|Any CPU
		{4ef273b6-97f3-dc8f-b04d-bc56d36bdf9e}.Debug|Any CPU.Build.0 = Debug|Any CPU
		{ba5c38fb-8d33-84ac-f1aa-c47ce2020c64}.Debug|Any CPU.ActiveCfg = Debug|Any CPU
		{ba5c38fb-8d33-84ac-f1aa-c47ce2020c64}.Debug|Any CPU.Build.0 = Debug|Any CPU
		{da10af90-e49e-ca94-3a86-87366a1fc569}.Debug|Any CPU.ActiveCfg = Debug|Any CPU
		{da10af90-e49e-ca94-3a86-87366a1fc569}.Debug|Any CPU.Build.0 = Debug|Any CPU
		{4dd4ef79-982d-5f7d-50a3-76c461eba1aa}.Debug|Any CPU.ActiveCfg = Debug|Any CPU
		{4dd4ef79-982d-5f7d-50a3-76c461eba1aa}.Debug|Any CPU.Build.0 = Debug|Any CPU
		{c6f13cb7-aba4-3247-e592-529da6c84b52}.Debug|Any CPU.ActiveCfg = Debug|Any CPU
		{c6f13cb7-aba4-3247-e592-529da6c84b52}.Debug|Any CPU.Build.0 = Debug|Any CPU
		{93ce8446-43a5-6f7c-1f2f-31c61a27e9f4}.Debug|Any CPU.ActiveCfg = Debug|Any CPU
		{93ce8446-43a5-6f7c-1f2f-31c61a27e9f4}.Debug|Any CPU.Build.0 = Debug|Any CPU
		{40da7ebd-ed4c-3ecb-accb-6a16b2ae9a78}.Debug|Any CPU.ActiveCfg = Debug|Any CPU
		{40da7ebd-ed4c-3ecb-accb-6a16b2ae9a78}.Debug|Any CPU.Build.0 = Debug|Any CPU
		{370cb0b9-2503-0aaa-f0b1-5d623035d8d8}.Debug|Any CPU.ActiveCfg = Debug|Any CPU
		{370cb0b9-2503-0aaa-f0b1-5d623035d8d8}.Debug|Any CPU.Build.0 = Debug|Any CPU
		{3ec845fa-342a-5c9e-51be-116e576e84d7}.Debug|Any CPU.ActiveCfg = Debug|Any CPU
		{3ec845fa-342a-5c9e-51be-116e576e84d7}.Debug|Any CPU.Build.0 = Debug|Any CPU
		{27e618f8-ce93-4a30-3169-07843891387c}.Debug|Any CPU.ActiveCfg = Debug|Any CPU
		{27e618f8-ce93-4a30-3169-07843891387c}.Debug|Any CPU.Build.0 = Debug|Any CPU
		{331daa65-a2f4-d50e-8b8e-b5202fd9606c}.Debug|Any CPU.ActiveCfg = Debug|Any CPU
		{331daa65-a2f4-d50e-8b8e-b5202fd9606c}.Debug|Any CPU.Build.0 = Debug|Any CPU
		{7009a023-ca2e-eac1-aca2-794cd160a5a0}.Debug|Any CPU.ActiveCfg = Debug|Any CPU
		{7009a023-ca2e-eac1-aca2-794cd160a5a0}.Debug|Any CPU.Build.0 = Debug|Any CPU
		{2575d598-8040-652e-377d-b7db7f00508e}.Debug|Any CPU.ActiveCfg = Debug|Any CPU
		{2575d598-8040-652e-377d-b7db7f00508e}.Debug|Any CPU.Build.0 = Debug|Any CPU
		{de7470fc-d738-b6e6-1000-755c4d3491f4}.Debug|Any CPU.ActiveCfg = Debug|Any CPU
		{de7470fc-d738-b6e6-1000-755c4d3491f4}.Debug|Any CPU.Build.0 = Debug|Any CPU
		{b37973c6-fb3b-c288-3f27-d58dff3c6fc7}.Debug|Any CPU.ActiveCfg = Debug|Any CPU
		{b37973c6-fb3b-c288-3f27-d58dff3c6fc7}.Debug|Any CPU.Build.0 = Debug|Any CPU
		{e5615827-8df0-e522-d965-e83aa9dd8756}.Debug|Any CPU.ActiveCfg = Debug|Any CPU
		{e5615827-8df0-e522-d965-e83aa9dd8756}.Debug|Any CPU.Build.0 = Debug|Any CPU
		{518e9ead-3b02-b44a-5649-ba5a10ff21bc}.Debug|Any CPU.ActiveCfg = Debug|Any CPU
		{518e9ead-3b02-b44a-5649-ba5a10ff21bc}.Debug|Any CPU.Build.0 = Debug|Any CPU
		{c43488ff-af0e-2712-f507-e768a82cda4d}.Debug|Any CPU.ActiveCfg = Debug|Any CPU
		{c43488ff-af0e-2712-f507-e768a82cda4d}.Debug|Any CPU.Build.0 = Debug|Any CPU
		{e4c65a0b-abca-393e-28d4-a73f8771c4c4}.Debug|Any CPU.ActiveCfg = Debug|Any CPU
		{e4c65a0b-abca-393e-28d4-a73f8771c4c4}.Debug|Any CPU.Build.0 = Debug|Any CPU
		{26b585f0-0f57-ae35-8a32-c69f782fa672}.Debug|Any CPU.ActiveCfg = Debug|Any CPU
		{26b585f0-0f57-ae35-8a32-c69f782fa672}.Debug|Any CPU.Build.0 = Debug|Any CPU
		{08baeb02-3548-5356-b51f-41ed796ec007}.Debug|Any CPU.ActiveCfg = Debug|Any CPU
		{08baeb02-3548-5356-b51f-41ed796ec007}.Debug|Any CPU.Build.0 = Debug|Any CPU
		{ca1912d8-475d-8b4d-4308-64f9c75f2ae4}.Debug|Any CPU.ActiveCfg = Debug|Any CPU
		{ca1912d8-475d-8b4d-4308-64f9c75f2ae4}.Debug|Any CPU.Build.0 = Debug|Any CPU
		{2b80c9d5-dd05-0d58-c836-859351f6021b}.Debug|Any CPU.ActiveCfg = Debug|Any CPU
		{2b80c9d5-dd05-0d58-c836-859351f6021b}.Debug|Any CPU.Build.0 = Debug|Any CPU
	EndGlobalSection
	GlobalSection(SolutionProperties) = preSolution
		HideSolutionNode = FALSE
	EndGlobalSection
EndGlobal
