
Microsoft Visual Studio Solution File, Format Version 11.00
# Visual Studio 2010
Project("{FAE04EC0-301F-11D3-BF4B-00C04F79EFBC}") = "KITSystem.Schedule", "KITSystem.Schedule.csproj", "{8a9804cd-fe49-8582-7235-899a010bd7d4}"
EndProject
Project("{FAE04EC0-301F-11D3-BF4B-00C04F79EFBC}") = "BuildReportTool", "BuildReportTool.csproj", "{f5b54073-cae2-3d17-065d-fd95c39b076f}"
EndProject
Project("{FAE04EC0-301F-11D3-BF4B-00C04F79EFBC}") = "ToolbarExtender.Editor", "ToolbarExtender.Editor.csproj", "{7af9ad24-b843-5219-70e5-dd426dd1f7e0}"
EndProject
Project("{FAE04EC0-301F-11D3-BF4B-00C04F79EFBC}") = "KITSystem.Entity", "KITSystem.Entity.csproj", "{8f209bf2-745d-0fde-eb92-92382b8436b0}"
EndProject
Project("{FAE04EC0-301F-11D3-BF4B-00C04F79EFBC}") = "KITSystem.Resource", "KITSystem.Resource.csproj", "{5f94133b-60c4-6b7d-9a2b-790f832dba1f}"
EndProject
Project("{FAE04EC0-301F-11D3-BF4B-00C04F79EFBC}") = "Assembly-CSharp", "Assembly-CSharp.csproj", "{d7a4512b-087c-58c6-53a3-e78a39bfab5b}"
EndProject
Project("{FAE04EC0-301F-11D3-BF4B-00C04F79EFBC}") = "RVO2", "RVO2.csproj", "{ba5c38fb-8d33-84ac-f1aa-c47ce2020c64}"
EndProject
Project("{FAE04EC0-301F-11D3-BF4B-00C04F79EFBC}") = "KITSystem.Utils", "KITSystem.Utils.csproj", "{71b6c30f-a19b-06f6-b613-54da6efe0a78}"
EndProject
Project("{FAE04EC0-301F-11D3-BF4B-00C04F79EFBC}") = "Game.Configs", "Game.Configs.csproj", "{3a7ce517-10cf-3f2f-21f2-3d908b934266}"
EndProject
Project("{FAE04EC0-301F-11D3-BF4B-00C04F79EFBC}") = "Game.Config.Editor", "Game.Config.Editor.csproj", "{0aa0bc16-460d-0b25-e4e8-0f5cfb8cbd6e}"
EndProject
Project("{FAE04EC0-301F-11D3-BF4B-00C04F79EFBC}") = "KITSystem.Config", "KITSystem.Config.csproj", "{f1679ffa-ca06-ccfe-5984-8030709d552e}"
EndProject
Global
	GlobalSection(SolutionConfigurationPlatforms) = preSolution
		Debug|Any CPU = Debug|Any CPU
	EndGlobalSection
	GlobalSection(ProjectConfigurationPlatforms) = postSolution
		{8a9804cd-fe49-8582-7235-899a010bd7d4}.Debug|Any CPU.ActiveCfg = Debug|Any CPU
		{8a9804cd-fe49-8582-7235-899a010bd7d4}.Debug|Any CPU.Build.0 = Debug|Any CPU
		{f5b54073-cae2-3d17-065d-fd95c39b076f}.Debug|Any CPU.ActiveCfg = Debug|Any CPU
		{f5b54073-cae2-3d17-065d-fd95c39b076f}.Debug|Any CPU.Build.0 = Debug|Any CPU
		{7af9ad24-b843-5219-70e5-dd426dd1f7e0}.Debug|Any CPU.ActiveCfg = Debug|Any CPU
		{7af9ad24-b843-5219-70e5-dd426dd1f7e0}.Debug|Any CPU.Build.0 = Debug|Any CPU
		{8f209bf2-745d-0fde-eb92-92382b8436b0}.Debug|Any CPU.ActiveCfg = Debug|Any CPU
		{8f209bf2-745d-0fde-eb92-92382b8436b0}.Debug|Any CPU.Build.0 = Debug|Any CPU
		{5f94133b-60c4-6b7d-9a2b-790f832dba1f}.Debug|Any CPU.ActiveCfg = Debug|Any CPU
		{5f94133b-60c4-6b7d-9a2b-790f832dba1f}.Debug|Any CPU.Build.0 = Debug|Any CPU
		{d7a4512b-087c-58c6-53a3-e78a39bfab5b}.Debug|Any CPU.ActiveCfg = Debug|Any CPU
		{d7a4512b-087c-58c6-53a3-e78a39bfab5b}.Debug|Any CPU.Build.0 = Debug|Any CPU
		{ba5c38fb-8d33-84ac-f1aa-c47ce2020c64}.Debug|Any CPU.ActiveCfg = Debug|Any CPU
		{ba5c38fb-8d33-84ac-f1aa-c47ce2020c64}.Debug|Any CPU.Build.0 = Debug|Any CPU
		{71b6c30f-a19b-06f6-b613-54da6efe0a78}.Debug|Any CPU.ActiveCfg = Debug|Any CPU
		{71b6c30f-a19b-06f6-b613-54da6efe0a78}.Debug|Any CPU.Build.0 = Debug|Any CPU
		{3a7ce517-10cf-3f2f-21f2-3d908b934266}.Debug|Any CPU.ActiveCfg = Debug|Any CPU
		{3a7ce517-10cf-3f2f-21f2-3d908b934266}.Debug|Any CPU.Build.0 = Debug|Any CPU
		{0aa0bc16-460d-0b25-e4e8-0f5cfb8cbd6e}.Debug|Any CPU.ActiveCfg = Debug|Any CPU
		{0aa0bc16-460d-0b25-e4e8-0f5cfb8cbd6e}.Debug|Any CPU.Build.0 = Debug|Any CPU
		{f1679ffa-ca06-ccfe-5984-8030709d552e}.Debug|Any CPU.ActiveCfg = Debug|Any CPU
		{f1679ffa-ca06-ccfe-5984-8030709d552e}.Debug|Any CPU.Build.0 = Debug|Any CPU
	EndGlobalSection
	GlobalSection(SolutionProperties) = preSolution
		HideSolutionNode = FALSE
	EndGlobalSection
EndGlobal
