
Microsoft Visual Studio Solution File, Format Version 11.00
# Visual Studio 2010
Project("{FAE04EC0-301F-11D3-BF4B-00C04F79EFBC}") = "NaughtyAttributes.Core", "NaughtyAttributes.Core.csproj", "{ca2e2082-5ac5-4346-0e92-73b1f94c4a91}"
EndProject
Project("{FAE04EC0-301F-11D3-BF4B-00C04F79EFBC}") = "LitMotion", "LitMotion.csproj", "{34ae82e2-5964-41d1-354f-cf8e1dce6203}"
EndProject
Project("{FAE04EC0-301F-11D3-BF4B-00C04F79EFBC}") = "LeanTransition", "LeanTransition.csproj", "{f3b5cd1c-7076-610f-fb1f-6edfd48b26ed}"
EndProject
Project("{FAE04EC0-301F-11D3-BF4B-00C04F79EFBC}") = "LitMotion.Tests.Runtime", "LitMotion.Tests.Runtime.csproj", "{4e65e960-6de5-fc03-e59a-1f245388dbad}"
EndProject
Project("{FAE04EC0-301F-11D3-BF4B-00C04F79EFBC}") = "CW.Common", "CW.Common.csproj", "{ff5560ab-d26c-c709-84f7-4ca6024f7ded}"
EndProject
Project("{FAE04EC0-301F-11D3-BF4B-00C04F79EFBC}") = "Assembly-CSharp-firstpass", "Assembly-CSharp-firstpass.csproj", "{01ab24f4-4390-5bfe-4067-3073fadd9d4b}"
EndProject
Project("{FAE04EC0-301F-11D3-BF4B-00C04F79EFBC}") = "UniTask", "UniTask.csproj", "{2e4c4b3c-fd31-d019-c9ea-78529b657373}"
EndProject
Project("{FAE04EC0-301F-11D3-BF4B-00C04F79EFBC}") = "LitMotion.Extensions", "LitMotion.Extensions.csproj", "{a8d16ed2-784b-5e95-7795-37821eba8749}"
EndProject
Project("{FAE04EC0-301F-11D3-BF4B-00C04F79EFBC}") = "GUPS.AntiCheat", "GUPS.AntiCheat.csproj", "{4df035f4-e159-533f-5000-a91afc2de41b}"
EndProject
Project("{FAE04EC0-301F-11D3-BF4B-00C04F79EFBC}") = "NaughtyAttributes.Editor", "NaughtyAttributes.Editor.csproj", "{607ec809-6c09-1364-b9bd-f2d0d7685031}"
EndProject
Project("{FAE04EC0-301F-11D3-BF4B-00C04F79EFBC}") = "AYellowpaper.SerializedCollections", "AYellowpaper.SerializedCollections.csproj", "{08a8f90a-8fb6-055d-f121-af28025bc6c7}"
EndProject
Project("{FAE04EC0-301F-11D3-BF4B-00C04F79EFBC}") = "UniTask.Linq", "UniTask.Linq.csproj", "{cbfb0d1e-7ed3-3e5e-6707-774b7dcb24b9}"
EndProject
Project("{FAE04EC0-301F-11D3-BF4B-00C04F79EFBC}") = "Assembly-CSharp", "Assembly-CSharp.csproj", "{8a9e848b-4e61-e843-1835-ba909de6cbb6}"
EndProject
Project("{FAE04EC0-301F-11D3-BF4B-00C04F79EFBC}") = "LeanCommon", "LeanCommon.csproj", "{36ed5776-8ae8-2dea-8739-cd45ad8c3105}"
EndProject
Project("{FAE04EC0-301F-11D3-BF4B-00C04F79EFBC}") = "RVO2", "RVO2.csproj", "{cc7a9447-f07d-1939-8ded-e92b61941f3e}"
EndProject
Project("{FAE04EC0-301F-11D3-BF4B-00C04F79EFBC}") = "Toolkit.SkillSystem.Implement", "Toolkit.SkillSystem.Implement.csproj", "{d53b32f4-5c56-1ad2-6dff-84af742fce1e}"
EndProject
Project("{FAE04EC0-301F-11D3-BF4B-00C04F79EFBC}") = "LitMotion.Animation.Editor", "LitMotion.Animation.Editor.csproj", "{142c2a74-593b-7ec6-1e11-97dba8433ad2}"
EndProject
Project("{FAE04EC0-301F-11D3-BF4B-00C04F79EFBC}") = "UniTask.Addressables", "UniTask.Addressables.csproj", "{bf481c2f-d19e-8111-157d-edb1ec45d789}"
EndProject
Project("{FAE04EC0-301F-11D3-BF4B-00C04F79EFBC}") = "AYellowpaper.SerializedCollections.Editor", "AYellowpaper.SerializedCollections.Editor.csproj", "{8a9beedf-9251-ee40-4f21-95f58983a288}"
EndProject
Project("{FAE04EC0-301F-11D3-BF4B-00C04F79EFBC}") = "Toolkit.Updater", "Toolkit.Updater.csproj", "{5614e4a9-10de-50f4-fef4-bf9b05352366}"
EndProject
Project("{FAE04EC0-301F-11D3-BF4B-00C04F79EFBC}") = "GUPS.AntiCheat.Editor", "GUPS.AntiCheat.Editor.csproj", "{c018a85e-1470-d56d-58f5-ec8ca46ef21f}"
EndProject
Project("{FAE04EC0-301F-11D3-BF4B-00C04F79EFBC}") = "LeanTouch", "LeanTouch.csproj", "{302fdb59-8234-5e61-6357-5b9544535eea}"
EndProject
Project("{FAE04EC0-301F-11D3-BF4B-00C04F79EFBC}") = "LeanGUI", "LeanGUI.csproj", "{5fa1ca14-4529-4abe-d576-344a78c9ff11}"
EndProject
Project("{FAE04EC0-301F-11D3-BF4B-00C04F79EFBC}") = "LitMotion.Animation", "LitMotion.Animation.csproj", "{ece78348-8331-7166-3f75-9bc54c5aa095}"
EndProject
Project("{FAE04EC0-301F-11D3-BF4B-00C04F79EFBC}") = "Toolkit.SkillSystem.Core", "Toolkit.SkillSystem.Core.csproj", "{d8ab9750-a61b-5bf2-ff9e-e4794e9407bf}"
EndProject
Project("{FAE04EC0-301F-11D3-BF4B-00C04F79EFBC}") = "Toolkit.Shared", "Toolkit.Shared.csproj", "{167f18c8-d2ce-93c2-f875-38bdf9830f60}"
EndProject
Project("{FAE04EC0-301F-11D3-BF4B-00C04F79EFBC}") = "LitMotion.Tests.Editor", "LitMotion.Tests.Editor.csproj", "{479db0f0-daf4-93b2-afe4-775627911125}"
EndProject
Project("{FAE04EC0-301F-11D3-BF4B-00C04F79EFBC}") = "ExcelExtension", "ExcelExtension.csproj", "{c37e2af1-b3f7-7538-846d-e93fae2a90cf}"
EndProject
Project("{FAE04EC0-301F-11D3-BF4B-00C04F79EFBC}") = "LitMotion.Editor", "LitMotion.Editor.csproj", "{ada22cc8-6332-1423-db6f-940155ef0796}"
EndProject
Project("{FAE04EC0-301F-11D3-BF4B-00C04F79EFBC}") = "Unity.PlayerPrefsEditor.EditorResources", "Unity.PlayerPrefsEditor.EditorResources.csproj", "{bf6d162e-1af4-97a0-1686-44041ed22403}"
EndProject
Project("{FAE04EC0-301F-11D3-BF4B-00C04F79EFBC}") = "Unity.PlayerPrefsEditor.Editor", "Unity.PlayerPrefsEditor.Editor.csproj", "{a785d72c-40bd-9b01-9e4e-8619f624456c}"
EndProject
Project("{FAE04EC0-301F-11D3-BF4B-00C04F79EFBC}") = "Toolkit.Collider", "Toolkit.Collider.csproj", "{88db65d7-9b9f-67f6-4214-274014482eb3}"
EndProject
Project("{FAE04EC0-301F-11D3-BF4B-00C04F79EFBC}") = "Toolkit.ResourceManagement", "Toolkit.ResourceManagement.csproj", "{c2f02b1c-f97c-4b55-e149-80821bf84213}"
EndProject
Project("{FAE04EC0-301F-11D3-BF4B-00C04F79EFBC}") = "LitMotion.Tests.Benchmark", "LitMotion.Tests.Benchmark.csproj", "{b18595e9-029b-9c22-6be9-5abec488e4b8}"
EndProject
Project("{FAE04EC0-301F-11D3-BF4B-00C04F79EFBC}") = "UniTask.TextMeshPro", "UniTask.TextMeshPro.csproj", "{d4dfa4ba-f0dd-203d-931a-70c06f2a2ee8}"
EndProject
Project("{FAE04EC0-301F-11D3-BF4B-00C04F79EFBC}") = "UniTask.DOTween", "UniTask.DOTween.csproj", "{d595caf1-db22-cfc9-b299-ff73ad55ea97}"
EndProject
Project("{FAE04EC0-301F-11D3-BF4B-00C04F79EFBC}") = "LeanTransition.Editor", "LeanTransition.Editor.csproj", "{823378ff-8ce3-186d-c698-536747c26754}"
EndProject
Project("{FAE04EC0-301F-11D3-BF4B-00C04F79EFBC}") = "Assembly-CSharp-Editor-firstpass", "Assembly-CSharp-Editor-firstpass.csproj", "{5ebc3a14-e3ce-0fd7-4ffb-dc521bf0f2d0}"
EndProject
Project("{FAE04EC0-301F-11D3-BF4B-00C04F79EFBC}") = "UniTask.Editor", "UniTask.Editor.csproj", "{89c6cafe-d355-da53-337a-b3a3990e8d0a}"
EndProject
Project("{FAE04EC0-301F-11D3-BF4B-00C04F79EFBC}") = "Assembly-CSharp-Editor", "Assembly-CSharp-Editor.csproj", "{8a52a2df-d88c-86ef-c1a5-03cb2cf47475}"
EndProject
Global
	GlobalSection(SolutionConfigurationPlatforms) = preSolution
		Debug|Any CPU = Debug|Any CPU
	EndGlobalSection
	GlobalSection(ProjectConfigurationPlatforms) = postSolution
		{ca2e2082-5ac5-4346-0e92-73b1f94c4a91}.Debug|Any CPU.ActiveCfg = Debug|Any CPU
		{ca2e2082-5ac5-4346-0e92-73b1f94c4a91}.Debug|Any CPU.Build.0 = Debug|Any CPU
		{34ae82e2-5964-41d1-354f-cf8e1dce6203}.Debug|Any CPU.ActiveCfg = Debug|Any CPU
		{34ae82e2-5964-41d1-354f-cf8e1dce6203}.Debug|Any CPU.Build.0 = Debug|Any CPU
		{f3b5cd1c-7076-610f-fb1f-6edfd48b26ed}.Debug|Any CPU.ActiveCfg = Debug|Any CPU
		{f3b5cd1c-7076-610f-fb1f-6edfd48b26ed}.Debug|Any CPU.Build.0 = Debug|Any CPU
		{4e65e960-6de5-fc03-e59a-1f245388dbad}.Debug|Any CPU.ActiveCfg = Debug|Any CPU
		{4e65e960-6de5-fc03-e59a-1f245388dbad}.Debug|Any CPU.Build.0 = Debug|Any CPU
		{ff5560ab-d26c-c709-84f7-4ca6024f7ded}.Debug|Any CPU.ActiveCfg = Debug|Any CPU
		{ff5560ab-d26c-c709-84f7-4ca6024f7ded}.Debug|Any CPU.Build.0 = Debug|Any CPU
		{01ab24f4-4390-5bfe-4067-3073fadd9d4b}.Debug|Any CPU.ActiveCfg = Debug|Any CPU
		{01ab24f4-4390-5bfe-4067-3073fadd9d4b}.Debug|Any CPU.Build.0 = Debug|Any CPU
		{2e4c4b3c-fd31-d019-c9ea-78529b657373}.Debug|Any CPU.ActiveCfg = Debug|Any CPU
		{2e4c4b3c-fd31-d019-c9ea-78529b657373}.Debug|Any CPU.Build.0 = Debug|Any CPU
		{a8d16ed2-784b-5e95-7795-37821eba8749}.Debug|Any CPU.ActiveCfg = Debug|Any CPU
		{a8d16ed2-784b-5e95-7795-37821eba8749}.Debug|Any CPU.Build.0 = Debug|Any CPU
		{4df035f4-e159-533f-5000-a91afc2de41b}.Debug|Any CPU.ActiveCfg = Debug|Any CPU
		{4df035f4-e159-533f-5000-a91afc2de41b}.Debug|Any CPU.Build.0 = Debug|Any CPU
		{607ec809-6c09-1364-b9bd-f2d0d7685031}.Debug|Any CPU.ActiveCfg = Debug|Any CPU
		{607ec809-6c09-1364-b9bd-f2d0d7685031}.Debug|Any CPU.Build.0 = Debug|Any CPU
		{08a8f90a-8fb6-055d-f121-af28025bc6c7}.Debug|Any CPU.ActiveCfg = Debug|Any CPU
		{08a8f90a-8fb6-055d-f121-af28025bc6c7}.Debug|Any CPU.Build.0 = Debug|Any CPU
		{cbfb0d1e-7ed3-3e5e-6707-774b7dcb24b9}.Debug|Any CPU.ActiveCfg = Debug|Any CPU
		{cbfb0d1e-7ed3-3e5e-6707-774b7dcb24b9}.Debug|Any CPU.Build.0 = Debug|Any CPU
		{8a9e848b-4e61-e843-1835-ba909de6cbb6}.Debug|Any CPU.ActiveCfg = Debug|Any CPU
		{8a9e848b-4e61-e843-1835-ba909de6cbb6}.Debug|Any CPU.Build.0 = Debug|Any CPU
		{36ed5776-8ae8-2dea-8739-cd45ad8c3105}.Debug|Any CPU.ActiveCfg = Debug|Any CPU
		{36ed5776-8ae8-2dea-8739-cd45ad8c3105}.Debug|Any CPU.Build.0 = Debug|Any CPU
		{cc7a9447-f07d-1939-8ded-e92b61941f3e}.Debug|Any CPU.ActiveCfg = Debug|Any CPU
		{cc7a9447-f07d-1939-8ded-e92b61941f3e}.Debug|Any CPU.Build.0 = Debug|Any CPU
		{d53b32f4-5c56-1ad2-6dff-84af742fce1e}.Debug|Any CPU.ActiveCfg = Debug|Any CPU
		{d53b32f4-5c56-1ad2-6dff-84af742fce1e}.Debug|Any CPU.Build.0 = Debug|Any CPU
		{142c2a74-593b-7ec6-1e11-97dba8433ad2}.Debug|Any CPU.ActiveCfg = Debug|Any CPU
		{142c2a74-593b-7ec6-1e11-97dba8433ad2}.Debug|Any CPU.Build.0 = Debug|Any CPU
		{bf481c2f-d19e-8111-157d-edb1ec45d789}.Debug|Any CPU.ActiveCfg = Debug|Any CPU
		{bf481c2f-d19e-8111-157d-edb1ec45d789}.Debug|Any CPU.Build.0 = Debug|Any CPU
		{8a9beedf-9251-ee40-4f21-95f58983a288}.Debug|Any CPU.ActiveCfg = Debug|Any CPU
		{8a9beedf-9251-ee40-4f21-95f58983a288}.Debug|Any CPU.Build.0 = Debug|Any CPU
		{5614e4a9-10de-50f4-fef4-bf9b05352366}.Debug|Any CPU.ActiveCfg = Debug|Any CPU
		{5614e4a9-10de-50f4-fef4-bf9b05352366}.Debug|Any CPU.Build.0 = Debug|Any CPU
		{c018a85e-1470-d56d-58f5-ec8ca46ef21f}.Debug|Any CPU.ActiveCfg = Debug|Any CPU
		{c018a85e-1470-d56d-58f5-ec8ca46ef21f}.Debug|Any CPU.Build.0 = Debug|Any CPU
		{302fdb59-8234-5e61-6357-5b9544535eea}.Debug|Any CPU.ActiveCfg = Debug|Any CPU
		{302fdb59-8234-5e61-6357-5b9544535eea}.Debug|Any CPU.Build.0 = Debug|Any CPU
		{5fa1ca14-4529-4abe-d576-344a78c9ff11}.Debug|Any CPU.ActiveCfg = Debug|Any CPU
		{5fa1ca14-4529-4abe-d576-344a78c9ff11}.Debug|Any CPU.Build.0 = Debug|Any CPU
		{ece78348-8331-7166-3f75-9bc54c5aa095}.Debug|Any CPU.ActiveCfg = Debug|Any CPU
		{ece78348-8331-7166-3f75-9bc54c5aa095}.Debug|Any CPU.Build.0 = Debug|Any CPU
		{d8ab9750-a61b-5bf2-ff9e-e4794e9407bf}.Debug|Any CPU.ActiveCfg = Debug|Any CPU
		{d8ab9750-a61b-5bf2-ff9e-e4794e9407bf}.Debug|Any CPU.Build.0 = Debug|Any CPU
		{167f18c8-d2ce-93c2-f875-38bdf9830f60}.Debug|Any CPU.ActiveCfg = Debug|Any CPU
		{167f18c8-d2ce-93c2-f875-38bdf9830f60}.Debug|Any CPU.Build.0 = Debug|Any CPU
		{479db0f0-daf4-93b2-afe4-775627911125}.Debug|Any CPU.ActiveCfg = Debug|Any CPU
		{479db0f0-daf4-93b2-afe4-775627911125}.Debug|Any CPU.Build.0 = Debug|Any CPU
		{c37e2af1-b3f7-7538-846d-e93fae2a90cf}.Debug|Any CPU.ActiveCfg = Debug|Any CPU
		{c37e2af1-b3f7-7538-846d-e93fae2a90cf}.Debug|Any CPU.Build.0 = Debug|Any CPU
		{ada22cc8-6332-1423-db6f-940155ef0796}.Debug|Any CPU.ActiveCfg = Debug|Any CPU
		{ada22cc8-6332-1423-db6f-940155ef0796}.Debug|Any CPU.Build.0 = Debug|Any CPU
		{bf6d162e-1af4-97a0-1686-44041ed22403}.Debug|Any CPU.ActiveCfg = Debug|Any CPU
		{bf6d162e-1af4-97a0-1686-44041ed22403}.Debug|Any CPU.Build.0 = Debug|Any CPU
		{a785d72c-40bd-9b01-9e4e-8619f624456c}.Debug|Any CPU.ActiveCfg = Debug|Any CPU
		{a785d72c-40bd-9b01-9e4e-8619f624456c}.Debug|Any CPU.Build.0 = Debug|Any CPU
		{88db65d7-9b9f-67f6-4214-274014482eb3}.Debug|Any CPU.ActiveCfg = Debug|Any CPU
		{88db65d7-9b9f-67f6-4214-274014482eb3}.Debug|Any CPU.Build.0 = Debug|Any CPU
		{c2f02b1c-f97c-4b55-e149-80821bf84213}.Debug|Any CPU.ActiveCfg = Debug|Any CPU
		{c2f02b1c-f97c-4b55-e149-80821bf84213}.Debug|Any CPU.Build.0 = Debug|Any CPU
		{b18595e9-029b-9c22-6be9-5abec488e4b8}.Debug|Any CPU.ActiveCfg = Debug|Any CPU
		{b18595e9-029b-9c22-6be9-5abec488e4b8}.Debug|Any CPU.Build.0 = Debug|Any CPU
		{d4dfa4ba-f0dd-203d-931a-70c06f2a2ee8}.Debug|Any CPU.ActiveCfg = Debug|Any CPU
		{d4dfa4ba-f0dd-203d-931a-70c06f2a2ee8}.Debug|Any CPU.Build.0 = Debug|Any CPU
		{d595caf1-db22-cfc9-b299-ff73ad55ea97}.Debug|Any CPU.ActiveCfg = Debug|Any CPU
		{d595caf1-db22-cfc9-b299-ff73ad55ea97}.Debug|Any CPU.Build.0 = Debug|Any CPU
		{823378ff-8ce3-186d-c698-536747c26754}.Debug|Any CPU.ActiveCfg = Debug|Any CPU
		{823378ff-8ce3-186d-c698-536747c26754}.Debug|Any CPU.Build.0 = Debug|Any CPU
		{5ebc3a14-e3ce-0fd7-4ffb-dc521bf0f2d0}.Debug|Any CPU.ActiveCfg = Debug|Any CPU
		{5ebc3a14-e3ce-0fd7-4ffb-dc521bf0f2d0}.Debug|Any CPU.Build.0 = Debug|Any CPU
		{89c6cafe-d355-da53-337a-b3a3990e8d0a}.Debug|Any CPU.ActiveCfg = Debug|Any CPU
		{89c6cafe-d355-da53-337a-b3a3990e8d0a}.Debug|Any CPU.Build.0 = Debug|Any CPU
		{8a52a2df-d88c-86ef-c1a5-03cb2cf47475}.Debug|Any CPU.ActiveCfg = Debug|Any CPU
		{8a52a2df-d88c-86ef-c1a5-03cb2cf47475}.Debug|Any CPU.Build.0 = Debug|Any CPU
	EndGlobalSection
	GlobalSection(SolutionProperties) = preSolution
		HideSolutionNode = FALSE
	EndGlobalSection
EndGlobal
